
Microsoft Visual Studio Solution File, Format Version 12.00
# Visual Studio Version 17
VisualStudioVersion = 17.5.33530.505
MinimumVisualStudioVersion = 10.0.40219.1
Project("{FAE04EC0-301F-11D3-BF4B-00C04F79EFBC}") = "SuperMarket-MVP", "SuperMarket-MVP.csproj", "{C1D7ABEA-61ED-4582-996D-BF612E20F881}"
EndProject
Global
	GlobalSection(SolutionConfigurationPlatforms) = preSolution
		Debug|Any CPU = Debug|Any CPU
		Release|Any CPU = Release|Any CPU
	EndGlobalSection
	GlobalSection(ProjectConfigurationPlatforms) = postSolution
		{C1D7ABEA-61ED-4582-996D-BF612E20F881}.Debug|Any CPU.ActiveCfg = Debug|Any CPU
		{C1D7ABEA-61ED-4582-996D-BF612E20F881}.Debug|Any CPU.Build.0 = Debug|Any CPU
		{C1D7ABEA-61ED-4582-996D-BF612E20F881}.Release|Any CPU.ActiveCfg = Release|Any CPU
		{C1D7ABEA-61ED-4582-996D-BF612E20F881}.Release|Any CPU.Build.0 = Release|Any CPU
	EndGlobalSection
	GlobalSection(SolutionProperties) = preSolution
		HideSolutionNode = FALSE
	EndGlobalSection
	GlobalSection(ExtensibilityGlobals) = postSolution
		SolutionGuid = {90A2483E-CD42-4A77-BB62-369706E74AD3}
	EndGlobalSection
EndGlobal
